{
  "nodes": {
    "brew-src": {
      "flake": false,
      "locked": {
        "lastModified": 1740943974,
        "narHash": "sha256-2lRLfb6qwoUAsX/XtYmt/ETxtGid6/VaBeFiRsoVMtU=",
        "owner": "Homebrew",
        "repo": "brew",
        "rev": "64efed206deeb9c2304d9e5b5910dcbf0a509c15",
        "type": "github"
      },
      "original": {
        "owner": "Homebrew",
        "ref": "4.4.23",
        "repo": "brew",
        "type": "github"
      }
    },
    "disko": {
      "inputs": {
        "nixpkgs": [
          "nixpkgs"
        ]
      },
      "locked": {
        "lastModified": 1741786315,
        "narHash": "sha256-VT65AE2syHVj6v/DGB496bqBnu1PXrrzwlw07/Zpllc=",
        "owner": "nix-community",
        "repo": "disko",
        "rev": "0d8c6ad4a43906d14abd5c60e0ffe7b587b213de",
        "type": "github"
      },
      "original": {
        "owner": "nix-community",
        "repo": "disko",
        "type": "github"
      }
    },
    "emacs-overlay": {
      "inputs": {
        "nixpkgs": [
          "nixpkgs"
        ],
        "nixpkgs-stable": [
          "nixpkgs-stable"
        ]
      },
      "locked": {
        "lastModified": 1742001486,
        "narHash": "sha256-CLKQJxgbbzCnB2ljKM/bNr/4rypRw8+6+J/bzqXyOAc=",
        "owner": "nix-community",
        "repo": "emacs-overlay",
        "rev": "d72523e2f7238ebce18f06c018e954d5131de6c3",
        "type": "github"
      },
      "original": {
        "owner": "nix-community",
        "repo": "emacs-overlay",
        "type": "github"
      }
    },
    "flake-utils": {
      "inputs": {
        "systems": "systems"
      },
      "locked": {
        "lastModified": 1685518550,
        "narHash": "sha256-o2d0KcvaXzTrPRIo0kOLV0/QXHhDQ5DTi+OxcjO8xqY=",
        "owner": "numtide",
        "repo": "flake-utils",
        "rev": "a1720a10a6cfe8234c0e93907ffe81be440f4cef",
        "type": "github"
      },
      "original": {
        "owner": "numtide",
        "repo": "flake-utils",
        "type": "github"
      }
    },
    "home-manager": {
      "inputs": {
        "nixpkgs": [
          "nixpkgs"
        ]
      },
      "locked": {
        "lastModified": 1741955947,
        "narHash": "sha256-2lbURKclgKqBNm7hVRtWh0A7NrdsibD0EaWhahUVhhY=",
        "owner": "nix-community",
        "repo": "home-manager",
        "rev": "4e12151c9e014e2449e0beca2c0e9534b96a26b4",
        "type": "github"
      },
      "original": {
        "owner": "nix-community",
        "repo": "home-manager",
        "type": "github"
      }
    },
    "homebrew-borkdude": {
      "flake": false,
      "locked": {
        "lastModified": 1740741786,
        "narHash": "sha256-q05sglUkJnNSCmpNwmWxd5pRs9ohyT/ZECbseMjGIT4=",
        "owner": "borkdude",
        "repo": "homebrew-brew",
        "rev": "40ae71d52135f032e8851aa544bc86491a19bfc2",
        "type": "github"
      },
      "original": {
        "owner": "borkdude",
        "repo": "homebrew-brew",
        "type": "github"
      }
    },
    "homebrew-bundle": {
      "flake": false,
      "locked": {
        "lastModified": 1742003263,
        "narHash": "sha256-3+J4RbTME7YRRO07QhVatfGdu3LliGZzzkZIUTVEIhk=",
        "owner": "homebrew",
        "repo": "homebrew-bundle",
        "rev": "6a2936de460c0a29f9ae056132dbdd89d63bbf74",
        "type": "github"
      },
      "original": {
        "owner": "homebrew",
        "repo": "homebrew-bundle",
        "type": "github"
      }
    },
    "homebrew-cask": {
      "flake": false,
      "locked": {
        "lastModified": 1742006315,
        "narHash": "sha256-FsibT5K13xQoDQzbE8/bLQqWg//V9lgnjjAgT6huZuA=",
        "owner": "homebrew",
        "repo": "homebrew-cask",
        "rev": "d39d1adca0525a1033dabfbe00053283783bae5f",
        "type": "github"
      },
      "original": {
        "owner": "homebrew",
        "repo": "homebrew-cask",
        "type": "github"
      }
    },
    "homebrew-conductorone": {
      "flake": false,
      "locked": {
        "lastModified": 1739235455,
        "narHash": "sha256-rM0piKWybIy3s8AFBctdMCVsPqMFEEfqLBfHlOS7KRY=",
        "owner": "conductorone",
        "repo": "cone",
        "rev": "79300ecd8b0b3e0110c3df41ff1e80d01a5f126f",
        "type": "github"
      },
      "original": {
        "owner": "conductorone",
        "repo": "cone",
        "type": "github"
      }
    },
    "homebrew-core": {
      "flake": false,
      "locked": {
        "lastModified": 1742008851,
        "narHash": "sha256-COGT7r/3dOShAl4uUDzjVmmrgJ4mLFRP93Lvcb/GxiE=",
        "owner": "homebrew",
        "repo": "homebrew-core",
        "rev": "0374a454552d74dad77e10cecf4d84385c67f6d7",
        "type": "github"
      },
      "original": {
        "owner": "homebrew",
        "repo": "homebrew-core",
        "type": "github"
      }
    },
    "homebrew-hashicorp": {
      "flake": false,
      "locked": {
        "lastModified": 1742000934,
        "narHash": "sha256-ER6BXyeNr+Y2r9UQ4zxVEHzzWpZcQMkhKzAaOOf1Ctc=",
        "owner": "hashicorp",
        "repo": "homebrew-tap",
        "rev": "e704be51d0a0951e0f64a1ce3896905ddea37cc8",
        "type": "github"
      },
      "original": {
        "owner": "hashicorp",
        "repo": "homebrew-tap",
        "type": "github"
      }
    },
    "nix-darwin": {
      "inputs": {
        "nixpkgs": [
          "nixpkgs"
        ]
      },
      "locked": {
        "lastModified": 1741906019,
        "narHash": "sha256-c9L0yCdpBzPVTcExcqTti6vP6GuPVaCaVCDf0M8eu+I=",
        "owner": "LnL7",
        "repo": "nix-darwin",
        "rev": "4d8a451649b6de429ea7e169378488305d0d9399",
        "type": "github"
      },
      "original": {
        "owner": "LnL7",
        "repo": "nix-darwin",
        "type": "github"
      }
    },
    "nix-darwin-emacs": {
      "inputs": {
        "flake-utils": "flake-utils",
        "nixpkgs": [
          "nixpkgs"
        ]
      },
      "locked": {
        "lastModified": 1742005035,
        "narHash": "sha256-GBFrDyZtY+cR1cGfqPLB5ibCMq9iRODvZ5mv7W7/Quo=",
        "owner": "nix-giant",
        "repo": "nix-darwin-emacs",
        "rev": "bb65d65b2f257a62f500d873c72d14d0b224da1a",
        "type": "github"
      },
      "original": {
        "owner": "nix-giant",
        "repo": "nix-darwin-emacs",
        "type": "github"
      }
    },
    "nix-homebrew": {
      "inputs": {
        "brew-src": "brew-src",
        "nix-darwin": [
          "nix-darwin"
        ],
        "nixpkgs": [
          "nixpkgs"
        ]
      },
      "locked": {
        "lastModified": 1741032878,
        "narHash": "sha256-s9YOBz8vAxPlI4wORma3D7km8wZOEe/7Hg/u3brmwUQ=",
        "owner": "zhaofengli-wip",
        "repo": "nix-homebrew",
        "rev": "a82c55b07f670a01da5a72b7a07fe41c256a4380",
        "type": "github"
      },
      "original": {
        "owner": "zhaofengli-wip",
        "repo": "nix-homebrew",
        "type": "github"
      }
    },
    "nixos-hardware": {
      "locked": {
        "lastModified": 1741792691,
        "narHash": "sha256-f0BVt1/cvA0DQ/q3rB+HY4g4tKksd03ZkzI4xehC2Ew=",
        "owner": "NixOS",
        "repo": "nixos-hardware",
        "rev": "e1f12151258b12c567f456d8248e4694e9390613",
        "type": "github"
      },
      "original": {
        "owner": "NixOS",
        "ref": "master",
        "repo": "nixos-hardware",
        "type": "github"
      }
    },
    "nixpkgs": {
      "locked": {
        "lastModified": 1741865919,
        "narHash": "sha256-4thdbnP6dlbdq+qZWTsm4ffAwoS8Tiq1YResB+RP6WE=",
        "owner": "NixOS",
        "repo": "nixpkgs",
        "rev": "573c650e8a14b2faa0041645ab18aed7e60f0c9a",
        "type": "github"
      },
      "original": {
        "owner": "NixOS",
        "ref": "nixpkgs-unstable",
        "repo": "nixpkgs",
        "type": "github"
      }
    },
    "nixpkgs-master": {
      "locked": {
        "lastModified": 1742002193,
        "narHash": "sha256-zf9xEtVjvkR0h1+PfrJF2usNCiyzmWVw2AK0eMTJwmA=",
        "owner": "NixOS",
        "repo": "nixpkgs",
        "rev": "a17b3fe5a72d0eb137b95f74a84cff6a7eee0af5",
        "type": "github"
      },
      "original": {
        "owner": "NixOS",
        "ref": "master",
        "repo": "nixpkgs",
        "type": "github"
      }
    },
    "nixpkgs-stable": {
      "locked": {
        "lastModified": 1741862977,
        "narHash": "sha256-prZ0M8vE/ghRGGZcflvxCu40ObKaB+ikn74/xQoNrGQ=",
        "owner": "NixOS",
        "repo": "nixpkgs",
        "rev": "cdd2ef009676ac92b715ff26630164bb88fec4e0",
        "type": "github"
      },
      "original": {
        "owner": "NixOS",
        "ref": "nixos-24.11",
        "repo": "nixpkgs",
        "type": "github"
      }
    },
    "powerlevel10k": {
      "flake": false,
      "locked": {
        "lastModified": 1738157299,
        "narHash": "sha256-isxgLWpbBuNoETXCOlJ4nwGSxMwCjoVF5D0dMZWtM5s=",
        "owner": "romkatv",
        "repo": "powerlevel10k",
        "rev": "8fa10f43a0f65a5e15417128be63e68e1d5b1f66",
        "type": "github"
      },
      "original": {
        "owner": "romkatv",
        "repo": "powerlevel10k",
        "type": "github"
      }
    },
    "root": {
      "inputs": {
        "disko": "disko",
        "emacs-overlay": "emacs-overlay",
        "home-manager": "home-manager",
        "homebrew-borkdude": "homebrew-borkdude",
        "homebrew-bundle": "homebrew-bundle",
        "homebrew-cask": "homebrew-cask",
        "homebrew-conductorone": "homebrew-conductorone",
        "homebrew-core": "homebrew-core",
        "homebrew-hashicorp": "homebrew-hashicorp",
        "nix-darwin": "nix-darwin",
        "nix-darwin-emacs": "nix-darwin-emacs",
        "nix-homebrew": "nix-homebrew",
        "nixos-hardware": "nixos-hardware",
        "nixpkgs": "nixpkgs",
        "nixpkgs-master": "nixpkgs-master",
        "nixpkgs-stable": "nixpkgs-stable",
        "powerlevel10k": "powerlevel10k",
        "sops-nix": "sops-nix"
      }
    },
    "sops-nix": {
      "inputs": {
        "nixpkgs": [
          "nixpkgs"
        ]
      },
      "locked": {
        "lastModified": 1741861888,
        "narHash": "sha256-ynOgXAyToeE1UdLNfrUn/hL7MN0OpIS2BtNdLjpjPf0=",
        "owner": "Mic92",
        "repo": "sops-nix",
        "rev": "d016ce0365b87d848a57c12ffcfdc71da7a2b55f",
        "type": "github"
      },
      "original": {
        "owner": "Mic92",
        "repo": "sops-nix",
        "type": "github"
      }
    },
    "systems": {
      "locked": {
        "lastModified": 1681028828,
        "narHash": "sha256-Vy1rq5AaRuLzOxct8nz4T6wlgyUR7zLU309k9mBC768=",
        "owner": "nix-systems",
        "repo": "default",
        "rev": "da67096a3b9bf56a91d16901293e51ba5b49a27e",
        "type": "github"
      },
      "original": {
        "owner": "nix-systems",
        "repo": "default",
        "type": "github"
      }
    }
  },
  "root": "root",
  "version": 7
}
